
Microsoft Visual Studio Solution File, Format Version 12.00
# Visual Studio Version 17
VisualStudioVersion = 17.4.33213.308
MinimumVisualStudioVersion = 10.0.40219.1
Project("{FAE04EC0-301F-11D3-BF4B-00C04F79EFBC}") = "RAA2_Module_04_Skills", "RAA2_Module_04_Skills\RAA2_Module_04_Skills.csproj", "{F3A54C34-3E35-48DF-8382-882A94AF622A}"
EndProject
Global
	GlobalSection(SolutionConfigurationPlatforms) = preSolution
		Debug|Any CPU = Debug|Any CPU
		Release|Any CPU = Release|Any CPU
	EndGlobalSection
	GlobalSection(ProjectConfigurationPlatforms) = postSolution
		{F3A54C34-3E35-48DF-8382-882A94AF622A}.Debug|Any CPU.ActiveCfg = Debug|Any CPU
		{F3A54C34-3E35-48DF-8382-882A94AF622A}.Debug|Any CPU.Build.0 = Debug|Any CPU
		{F3A54C34-3E35-48DF-8382-882A94AF622A}.Release|Any CPU.ActiveCfg = Release|Any CPU
		{F3A54C34-3E35-48DF-8382-882A94AF622A}.Release|Any CPU.Build.0 = Release|Any CPU
	EndGlobalSection
	GlobalSection(SolutionProperties) = preSolution
		HideSolutionNode = FALSE
	EndGlobalSection
	GlobalSection(ExtensibilityGlobals) = postSolution
		SolutionGuid = {00B0E9AC-B471-4393-ACB9-1421B531158D}
	EndGlobalSection
EndGlobal
